
Microsoft Visual Studio Solution File, Format Version 12.00
# Visual Studio Version 17
VisualStudioVersion = 17.10.35027.167
MinimumVisualStudioVersion = 10.0.40219.1
Project("{FAE04EC0-301F-11D3-BF4B-00C04F79EFBC}") = "BackEndMCF", "BackEndMCF\BackEndMCF.csproj", "{86BC805A-6CC5-44B4-8098-AAD86F3A09E3}"
EndProject
Global
	GlobalSection(SolutionConfigurationPlatforms) = preSolution
		Debug|Any CPU = Debug|Any CPU
		Release|Any CPU = Release|Any CPU
	EndGlobalSection
	GlobalSection(ProjectConfigurationPlatforms) = postSolution
		{86BC805A-6CC5-44B4-8098-AAD86F3A09E3}.Debug|Any CPU.ActiveCfg = Debug|Any CPU
		{86BC805A-6CC5-44B4-8098-AAD86F3A09E3}.Debug|Any CPU.Build.0 = Debug|Any CPU
		{86BC805A-6CC5-44B4-8098-AAD86F3A09E3}.Release|Any CPU.ActiveCfg = Release|Any CPU
		{86BC805A-6CC5-44B4-8098-AAD86F3A09E3}.Release|Any CPU.Build.0 = Release|Any CPU
	EndGlobalSection
	GlobalSection(SolutionProperties) = preSolution
		HideSolutionNode = FALSE
	EndGlobalSection
	GlobalSection(ExtensibilityGlobals) = postSolution
		SolutionGuid = {82E7BB61-0F8C-4FE0-9ACE-614A133857D7}
	EndGlobalSection
EndGlobal
